
Microsoft Visual Studio Solution File, Format Version 12.00
# Visual Studio Version 16
VisualStudioVersion = 16.0.32228.343
MinimumVisualStudioVersion = 10.0.40219.1
Project("{9A19103F-16F7-4668-BE54-9A1E7A4F7556}") = "EasyParkingAPI", "EasyParkingAPI\EasyParkingAPI.csproj", "{B001D804-F9F8-483A-B797-1197DE6D463C}"
EndProject
Project("{9A19103F-16F7-4668-BE54-9A1E7A4F7556}") = "Test", "Test\Test.csproj", "{664E425C-EDDA-49F7-A010-C1DC115E4D7F}"
EndProject
Project("{FAE04EC0-301F-11D3-BF4B-00C04F79EFBC}") = "Model", "Model\Model.csproj", "{08E6B761-FD8E-46B3-A595-2A09F06CC501}"
EndProject
Project("{FAE04EC0-301F-11D3-BF4B-00C04F79EFBC}") = "ServiceWebApi", "ServiceWebApi\ServiceWebApi.csproj", "{193B5DD5-9C2A-4D06-963D-7DA07234328A}"
EndProject
Global
	GlobalSection(SolutionConfigurationPlatforms) = preSolution
		Debug|Any CPU = Debug|Any CPU
		Release|Any CPU = Release|Any CPU
	EndGlobalSection
	GlobalSection(ProjectConfigurationPlatforms) = postSolution
		{B001D804-F9F8-483A-B797-1197DE6D463C}.Debug|Any CPU.ActiveCfg = Debug|Any CPU
		{B001D804-F9F8-483A-B797-1197DE6D463C}.Debug|Any CPU.Build.0 = Debug|Any CPU
		{B001D804-F9F8-483A-B797-1197DE6D463C}.Release|Any CPU.ActiveCfg = Release|Any CPU
		{B001D804-F9F8-483A-B797-1197DE6D463C}.Release|Any CPU.Build.0 = Release|Any CPU
		{664E425C-EDDA-49F7-A010-C1DC115E4D7F}.Debug|Any CPU.ActiveCfg = Debug|Any CPU
		{664E425C-EDDA-49F7-A010-C1DC115E4D7F}.Debug|Any CPU.Build.0 = Debug|Any CPU
		{664E425C-EDDA-49F7-A010-C1DC115E4D7F}.Release|Any CPU.ActiveCfg = Release|Any CPU
		{664E425C-EDDA-49F7-A010-C1DC115E4D7F}.Release|Any CPU.Build.0 = Release|Any CPU
		{08E6B761-FD8E-46B3-A595-2A09F06CC501}.Debug|Any CPU.ActiveCfg = Debug|Any CPU
		{08E6B761-FD8E-46B3-A595-2A09F06CC501}.Debug|Any CPU.Build.0 = Debug|Any CPU
		{08E6B761-FD8E-46B3-A595-2A09F06CC501}.Release|Any CPU.ActiveCfg = Release|Any CPU
		{08E6B761-FD8E-46B3-A595-2A09F06CC501}.Release|Any CPU.Build.0 = Release|Any CPU
		{193B5DD5-9C2A-4D06-963D-7DA07234328A}.Debug|Any CPU.ActiveCfg = Debug|Any CPU
		{193B5DD5-9C2A-4D06-963D-7DA07234328A}.Debug|Any CPU.Build.0 = Debug|Any CPU
		{193B5DD5-9C2A-4D06-963D-7DA07234328A}.Release|Any CPU.ActiveCfg = Release|Any CPU
		{193B5DD5-9C2A-4D06-963D-7DA07234328A}.Release|Any CPU.Build.0 = Release|Any CPU
	EndGlobalSection
	GlobalSection(SolutionProperties) = preSolution
		HideSolutionNode = FALSE
	EndGlobalSection
	GlobalSection(ExtensibilityGlobals) = postSolution
		SolutionGuid = {723116F1-6A1D-49E8-BA8A-20C680CFAE26}
	EndGlobalSection
EndGlobal
